{
  "name": "task-manager-cli",
  "version": "1.0.0",
  "lockfileVersion": 3,
  "requires": true,
  "packages": {
    "": {
      "name": "task-manager-cli",
      "version": "1.0.0",
      "license": "ISC",
      "devDependencies": {
        "@mohameden19961/auto-dockerize": "^1.0.10"
      }
    },
    "node_modules/@mohameden19961/auto-dockerize": {
      "version": "1.0.10",
      "resolved": "https://npm.pkg.github.com/download/@mohameden19961/auto-dockerize/1.0.10/0ea99e2c469f061fb8c75060e230b5ca534134dc",
      "integrity": "sha512-Qzbk74NVCZwgBLtc402PNBDZ/PoJjVlLYRflTzjYJ+RqR+XBBOOMC4aXUeuxisLz3zoFIRnJ95f+e627l5cnHQ==",
      "dev": true,
      "license": "ISC",
      "bin": {
        "auto-dockerize": "bin/dockerize.js"
      }
    }
  }
}
